
Microsoft Visual Studio Solution File, Format Version 12.00
# Visual Studio 15
VisualStudioVersion = 15.0.27130.2003
MinimumVisualStudioVersion = 10.0.40219.1
Project("{FAE04EC0-301F-11D3-BF4B-00C04F79EFBC}") = "TwitterPicFrame", "TwitterPicFrame\TwitterPicFrame.csproj", "{3286A0AE-8A2E-46C6-9A2D-51D0DDB1C605}"
EndProject
Global
	GlobalSection(SolutionConfigurationPlatforms) = preSolution
		Debug|Any CPU = Debug|Any CPU
		Release|Any CPU = Release|Any CPU
	EndGlobalSection
	GlobalSection(ProjectConfigurationPlatforms) = postSolution
		{3286A0AE-8A2E-46C6-9A2D-51D0DDB1C605}.Debug|Any CPU.ActiveCfg = Debug|Any CPU
		{3286A0AE-8A2E-46C6-9A2D-51D0DDB1C605}.Debug|Any CPU.Build.0 = Debug|Any CPU
		{3286A0AE-8A2E-46C6-9A2D-51D0DDB1C605}.Release|Any CPU.ActiveCfg = Release|Any CPU
		{3286A0AE-8A2E-46C6-9A2D-51D0DDB1C605}.Release|Any CPU.Build.0 = Release|Any CPU
	EndGlobalSection
	GlobalSection(SolutionProperties) = preSolution
		HideSolutionNode = FALSE
	EndGlobalSection
	GlobalSection(ExtensibilityGlobals) = postSolution
		SolutionGuid = {B66AF2E9-AC39-4405-8D39-705D5BFA023D}
	EndGlobalSection
EndGlobal
